# THIS IS AN AUTOGENERATED FILE. DO NOT EDIT THIS FILE DIRECTLY.
# yarn lockfile v1


"@figma/plugin-typings@^1.39.1":
  version "1.39.1"
  resolved "https://registry.yarnpkg.com/@figma/plugin-typings/-/plugin-typings-1.39.1.tgz#742a23716db8f06b750cee2d6b9d72e619b81250"
  integrity sha512-N5gBH0C6E1xaKz4dbcQMbGc7SU8k02yDQVv0eVWNPQu5w+Wd8a43Qy5uthlshbFXzBzmkay7gtGo1GkiahMzoQ==

"@figma/widget-typings@*":
  version "1.0.3"
  resolved "https://registry.yarnpkg.com/@figma/widget-typings/-/widget-typings-1.0.3.tgz#9cd0347c7a5d502c7abfcea4a74ce0e364fb103c"
  integrity sha512-U+Soes4ICacHs/BdDTmxzdn4YoNOzBfca+UbaqnGB9DEP+Kpxcx9q00RmHoat36ZhlZ6rc1Vk7bug0RZVjmpbQ==

prettier@^2.5.1:
  version "2.5.1"
  resolved "https://registry.yarnpkg.com/prettier/-/prettier-2.5.1.tgz#fff75fa9d519c54cf0fce328c1017d94546bc56a"
  integrity sha512-vBZcPRUR5MZJwoyi3ZoyQlc1rXeEck8KgeC9AwwOn+exuxLxq5toTRDTSaVrXHxelDMHy9zlicw8u66yxoSUFg==

typescript@*:
  version "4.5.3"
  resolved "https://registry.yarnpkg.com/typescript/-/typescript-4.5.3.tgz#afaa858e68c7103317d89eb90c5d8906268d353c"
  integrity sha512-eVYaEHALSt+s9LbvgEv4Ef+Tdq7hBiIZgii12xXJnukryt3pMgJf6aKhoCZ3FWQsu6sydEnkg11fYXLzhLBjeQ==
